
Microsoft Visual Studio Solution File, Format Version 12.00
# Visual Studio Version 16
VisualStudioVersion = 25.0.1705.2
MinimumVisualStudioVersion = 10.0.40219.1
Project("{FAE04EC0-301F-11D3-BF4B-00C04F79EFBC}") = "cil-aggregator", "cil-aggregator.csproj", "{2033D1E2-EEA1-419A-A2AA-3F7C1310051F}"
EndProject
Global
	GlobalSection(SolutionConfigurationPlatforms) = preSolution
		Debug|Any CPU = Debug|Any CPU
		Release|Any CPU = Release|Any CPU
	EndGlobalSection
	GlobalSection(ProjectConfigurationPlatforms) = postSolution
		{2033D1E2-EEA1-419A-A2AA-3F7C1310051F}.Debug|Any CPU.ActiveCfg = Debug|Any CPU
		{2033D1E2-EEA1-419A-A2AA-3F7C1310051F}.Debug|Any CPU.Build.0 = Debug|Any CPU
		{2033D1E2-EEA1-419A-A2AA-3F7C1310051F}.Release|Any CPU.ActiveCfg = Release|Any CPU
		{2033D1E2-EEA1-419A-A2AA-3F7C1310051F}.Release|Any CPU.Build.0 = Release|Any CPU
	EndGlobalSection
	GlobalSection(SolutionProperties) = preSolution
		HideSolutionNode = FALSE
	EndGlobalSection
	GlobalSection(ExtensibilityGlobals) = postSolution
		SolutionGuid = {9EEDF210-CE61-43FD-A393-EE2458748717}
	EndGlobalSection
EndGlobal
